Microsoft Visual Studio Solution File, Format Version 12.00
# Visual Studio Version 17
VisualStudioVersion = 17.11.35431.28
MinimumVisualStudioVersion = 10.0.40219.1

Project("{2150E333-8FDC-42A3-9474-1A3956D46DE8}") = "Topics", "Topics", "{3EDCD98A-790D-43C7-91D1-714ED04BA95D}"
EndProject
Project("{2150E333-8FDC-42A3-9474-1A3956D46DE8}") = "Async", "Async", "{E60171A7-8C47-4B0D-A092-902A8F0B7505}"
EndProject
Project("{2150E333-8FDC-42A3-9474-1A3956D46DE8}") = "Basics", "Basics", "{EE12B96F-8824-4799-A64D-6904EC11A199}"
EndProject
Project("{2150E333-8FDC-42A3-9474-1A3956D46DE8}") = "Moq", "Moq", "{9D9EB237-44E8-47AF-8C9E-9EC53C95752D}"
EndProject
Project("{2150E333-8FDC-42A3-9474-1A3956D46DE8}") = "Collections", "Collections", "{E8CA2407-D738-45D6-8711-67743D82E2ED}"
EndProject
Project("{FAE04EC0-301F-11D3-BF4B-00C04F79EFBC}") = "Async-1", "Async\Async-1\Async.csproj", "{D5C90FCD-2776-4072-A8F5-0C74B1A2AC93}"
EndProject
Project("{FAE04EC0-301F-11D3-BF4B-00C04F79EFBC}") = "Async_three", "Async\Async_three\Async_three.csproj", "{A80690BC-E122-4F4E-8FAE-EB2EFEAEDAB1}"
EndProject
Project("{FAE04EC0-301F-11D3-BF4B-00C04F79EFBC}") = "Async_four", "Async\Async_four\Async_four.csproj", "{68EE1471-513F-409C-B73F-A4537852AF9C}"
EndProject
Project("{FAE04EC0-301F-11D3-BF4B-00C04F79EFBC}") = "Async_6", "Async\Async_6\Async_6.csproj", "{5C7F7822-77D8-4E80-88F0-F115230B5326}"
EndProject
Project("{FAE04EC0-301F-11D3-BF4B-00C04F79EFBC}") = "Async_two", "Async\Async_two\Async_two.csproj", "{B05B3BDF-9F00-4248-900A-63CAF703961A}"
EndProject
Project("{FAE04EC0-301F-11D3-BF4B-00C04F79EFBC}") = "Basic", "Basics\Basic.csproj", "{45C8763B-39ED-4909-AE62-54C526847916}"
EndProject
Project("{FAE04EC0-301F-11D3-BF4B-00C04F79EFBC}") = "ListsEnumerable", "Collections\ListsEnumerable\ListsEnumerable.csproj", "{10139116-78B1-42BF-8CD0-D944DF3A8371}"
EndProject
Project("{FAE04EC0-301F-11D3-BF4B-00C04F79EFBC}") = "MoqIconfig", "Unit tests\MoqIconfig\MoqIconfig.csproj", "{704A876B-D5E5-4DEA-92C8-D63A6B98E86F}"
EndProject
Project("{FAE04EC0-301F-11D3-BF4B-00C04F79EFBC}") = "Delegates", "Delegates\Delegates.csproj", "{7FEE2D34-E609-48DB-9787-AD395867A4FA}"
EndProject
Project("{FAE04EC0-301F-11D3-BF4B-00C04F79EFBC}") = "Delegatewithlamba", "Delegatewithlamba\Delegatewithlamba.csproj", "{6C3C7ECF-3771-4BF2-A53E-8237F1C40215}"
EndProject
Project("{FAE04EC0-301F-11D3-BF4B-00C04F79EFBC}") = "Abstract", "Abstract\Abstract\Abstract.csproj", "{C5B8EEA7-FF0E-4D3E-9E28-6891EBB19618}"
EndProject
Project("{FAE04EC0-301F-11D3-BF4B-00C04F79EFBC}") = "Compare", "Compare\Compare.csproj", "{48675958-1D17-4E45-B7D5-E21276D7081B}"
EndProject
Project("{FAE04EC0-301F-11D3-BF4B-00C04F79EFBC}") = "Loopss", "Loopss\Loopss.csproj", "{8D78629B-9E73-42E0-8C3A-4C5FAD4C294A}"
EndProject

Global
	GlobalSection(SolutionConfigurationPlatforms) = preSolution
		Debug|Any CPU = Debug|Any CPU
		Release|Any CPU = Release|Any CPU
	EndGlobalSection
	GlobalSection(ProjectConfigurationPlatforms) = postSolution
		{D5C90FCD-2776-4072-A8F5-0C74B1A2AC93}.Debug|Any CPU.ActiveCfg = Debug|Any CPU
		{D5C90FCD-2776-4072-A8F5-0C74B1A2AC93}.Debug|Any CPU.Build.0 = Debug|Any CPU
		{D5C90FCD-2776-4072-A8F5-0C74B1A2AC93}.Release|Any CPU.ActiveCfg = Release|Any CPU
		{D5C90FCD-2776-4072-A8F5-0C74B1A2AC93}.Release|Any CPU.Build.0 = Release|Any CPU
		{A80690BC-E122-4F4E-8FAE-EB2EFEAEDAB1}.Debug|Any CPU.ActiveCfg = Debug|Any CPU
		{A80690BC-E122-4F4E-8FAE-EB2EFEAEDAB1}.Debug|Any CPU.Build.0 = Debug|Any CPU
		{A80690BC-E122-4F4E-8FAE-EB2EFEAEDAB1}.Release|Any CPU.ActiveCfg = Release|Any CPU
		{A80690BC-E122-4F4E-8FAE-EB2EFEAEDAB1}.Release|Any CPU.Build.0 = Release|Any CPU
		{8D78629B-9E73-42E0-8C3A-4C5FAD4C294A}.Debug|Any CPU.ActiveCfg = Debug|Any CPU
		{8D78629B-9E73-42E0-8C3A-4C5FAD4C294A}.Debug|Any CPU.Build.0 = Debug|Any CPU
		{8D78629B-9E73-42E0-8C3A-4C5FAD4C294A}.Release|Any CPU.ActiveCfg = Release|Any CPU
		{8D78629B-9E73-42E0-8C3A-4C5FAD4C294A}.Release|Any CPU.Build.0 = Release|Any CPU
	EndGlobalSection
	GlobalSection(SolutionProperties) = preSolution
		HideSolutionNode = FALSE
	EndGlobalSection
EndGlobal
